// !$*UTF8*$!
{
	archiveVersion = 1;
	classes = {
	};
	objectVersion = 46;
	objects = {

/* Begin PBXBuildFile section */
		45B4E0561A89D17F00D9AE84 /* main.m in Sources */ = {isa = PBXBuildFile; fileRef = 45B4E0551A89D17F00D9AE84 /* main.m */; };
		45B4E0591A89D17F00D9AE84 /* AppDelegate.m in Sources */ = {isa = PBXBuildFile; fileRef = 45B4E0581A89D17F00D9AE84 /* AppDelegate.m */; };
		45B4E05C1A89D17F00D9AE84 /* ViewController.m in Sources */ = {isa = PBXBuildFile; fileRef = 45B4E05B1A89D17F00D9AE84 /* ViewController.m */; };
		45B4E05F1A89D17F00D9AE84 /* Main.storyboard in Resources */ = {isa = PBXBuildFile; fileRef = 45B4E05D1A89D17F00D9AE84 /* Main.storyboard */; };
		45B4E0611A89D17F00D9AE84 /* Images.xcassets in Resources */ = {isa = PBXBuildFile; fileRef = 45B4E0601A89D17F00D9AE84 /* Images.xcassets */; };
		45B4E0641A89D17F00D9AE84 /* LaunchScreen.xib in Resources */ = {isa = PBXBuildFile; fileRef = 45B4E0621A89D17F00D9AE84 /* LaunchScreen.xib */; };
		45B4E0701A89D17F00D9AE84 /* NCAATests.m in Sources */ = {isa = PBXBuildFile; fileRef = 45B4E06F1A89D17F00D9AE84 /* NCAATests.m */; };
/* End PBXBuildFile section */

/* Begin PBXContainerItemProxy section */
		45B4E06A1A89D17F00D9AE84 /* PBXContainerItemProxy */ = {
			isa = PBXContainerItemProxy;
			containerPortal = 45B4E0481A89D17F00D9AE84 /* Project object */;
			proxyType = 1;
			remoteGlobalIDString = 45B4E04F1A89D17F00D9AE84;
			remoteInfo = NCAA;
		};
/* End PBXContainerItemProxy section */

/* Begin PBXFileReference section */
		45B4E0501A89D17F00D9AE84 /* NCAA.app */ = {isa = PBXFileReference; explicitFileType = wrapper.application; includeInIndex = 0; path = NCAA.app; sourceTree = BUILT_PRODUCTS_DIR; };
		45B4E0541A89D17F00D9AE84 /* Info.plist */ = {isa = PBXFileReference; lastKnownFileType = text.plist.xml; path = Info.plist; sourceTree = "<group>"; };
		45B4E0551A89D17F00D9AE84 /* main.m */ = {isa = PBXFileReference; lastKnownFileType = sourcecode.c.objc; path = main.m; sourceTree = "<group>"; };
		45B4E0571A89D17F00D9AE84 /* AppDelegate.h */ = {isa = PBXFileReference; lastKnownFileType = sourcecode.c.h; path = AppDelegate.h; sourceTree = "<group>"; };
		45B4E0581A89D17F00D9AE84 /* AppDelegate.m */ = {isa = PBXFileReference; lastKnownFileType = sourcecode.c.objc; path = AppDelegate.m; sourceTree = "<group>"; };
		45B4E05A1A89D17F00D9AE84 /* ViewController.h */ = {isa = PBXFileReference; lastKnownFileType = sourcecode.c.h; path = ViewController.h; sourceTree = "<group>"; };
		45B4E05B1A89D17F00D9AE84 /* ViewController.m */ = {isa = PBXFileReference; lastKnownFileType = sourcecode.c.objc; path = ViewController.m; sourceTree = "<group>"; };
		45B4E05E1A89D17F00D9AE84 /* Base */ = {isa = PBXFileReference; lastKnownFileType = file.storyboard; name = Base; path = Base.lproj/Main.storyboard; sourceTree = "<group>"; };
		45B4E0601A89D17F00D9AE84 /* Images.xcassets */ = {isa = PBXFileReference; lastKnownFileType = folder.assetcatalog; path = Images.xcassets; sourceTree = "<group>"; };
		45B4E0631A89D17F00D9AE84 /* Base */ = {isa = PBXFileReference; lastKnownFileType = file.xib; name = Base; path = Base.lproj/LaunchScreen.xib; sourceTree = "<group>"; };
		45B4E0691A89D17F00D9AE84 /* NCAATests.xctest */ = {isa = PBXFileReference; explicitFileType = wrapper.cfbundle; includeInIndex = 0; path = NCAATests.xctest; sourceTree = BUILT_PRODUCTS_DIR; };
		45B4E06E1A89D17F00D9AE84 /* Info.plist */ = {isa = PBXFileReference; lastKnownFileType = text.plist.xml; path = Info.plist; sourceTree = "<group>"; };
		45B4E06F1A89D17F00D9AE84 /* NCAATests.m */ = {isa = PBXFileReference; lastKnownFileType = sourcecode.c.objc; path = NCAATests.m; sourceTree = "<group>"; };
/* End PBXFileReference section */

/* Begin PBXFrameworksBuildPhase section */
		45B4E04D1A89D17F00D9AE84 /* Frameworks */ = {
			isa = PBXFrameworksBuildPhase;
			buildActionMask = 2147483647;
			files = (
			);
			runOnlyForDeploymentPostprocessing = 0;
		};
		45B4E0661A89D17F00D9AE84 /* Frameworks */ = {
			isa = PBXFrameworksBuildPhase;
			buildActionMask = 2147483647;
			files = (
			);
			runOnlyForDeploymentPostprocessing = 0;
		};
/* End PBXFrameworksBuildPhase section */

/* Begin PBXGroup section */
		45B4E0471A89D17F00D9AE84 = {
			isa = PBXGroup;
			children = (
				45B4E0521A89D17F00D9AE84 /* NCAA */,
				45B4E06C1A89D17F00D9AE84 /* NCAATests */,
				45B4E0511A89D17F00D9AE84 /* Products */,
			);
			sourceTree = "<group>";
		};
		45B4E0511A89D17F00D9AE84 /* Products */ = {
			isa = PBXGroup;
			children = (
				45B4E0501A89D17F00D9AE84 /* NCAA.app */,
				45B4E0691A89D17F00D9AE84 /* NCAATests.xctest */,
			);
			name = Products;
			sourceTree = "<group>";
		};
		45B4E0521A89D17F00D9AE84 /* NCAA */ = {
			isa = PBXGroup;
			children = (
				45B4E0571A89D17F00D9AE84 /* AppDelegate.h */,
				45B4E0581A89D17F00D9AE84 /* AppDelegate.m */,
				45B4E05A1A89D17F00D9AE84 /* ViewController.h */,
				45B4E05B1A89D17F00D9AE84 /* ViewController.m */,
				45B4E05D1A89D17F00D9AE84 /* Main.storyboard */,
				45B4E0601A89D17F00D9AE84 /* Images.xcassets */,
				45B4E0621A89D17F00D9AE84 /* LaunchScreen.xib */,
				45B4E0531A89D17F00D9AE84 /* Supporting Files */,
			);
			path = NCAA;
			sourceTree = "<group>";
		};
		45B4E0531A89D17F00D9AE84 /* Supporting Files */ = {
			isa = PBXGroup;
			children = (
				45B4E0541A89D17F00D9AE84 /* Info.plist */,
				45B4E0551A89D17F00D9AE84 /* main.m */,
			);
			name = "Supporting Files";
			sourceTree = "<group>";
		};
		45B4E06C1A89D17F00D9AE84 /* NCAATests */ = {
			isa = PBXGroup;
			children = (
				45B4E06F1A89D17F00D9AE84 /* NCAATests.m */,
				45B4E06D1A89D17F00D9AE84 /* Supporting Files */,
			);
			path = NCAATests;
			sourceTree = "<group>";
		};
		45B4E06D1A89D17F00D9AE84 /* Supporting Files */ = {
			isa = PBXGroup;
			children = (
				45B4E06E1A89D17F00D9AE84 /* Info.plist */,
			);
			name = "Supporting Files";
			sourceTree = "<group>";
		};
/* End PBXGroup section */

/* Begin PBXNativeTarget section */
		45B4E04F1A89D17F00D9AE84 /* NCAA */ = {
			isa = PBXNativeTarget;
			buildConfigurationList = 45B4E0731A89D17F00D9AE84 /* Build configuration list for PBXNativeTarget "NCAA" */;
			buildPhases = (
				45B4E04C1A89D17F00D9AE84 /* Sources */,
				45B4E04D1A89D17F00D9AE84 /* Frameworks */,
				45B4E04E1A89D17F00D9AE84 /* Resources */,
			);
			buildRules = (
			);
			dependencies = (
			);
			name = NCAA;
			productName = NCAA;
			productReference = 45B4E0501A89D17F00D9AE84 /* NCAA.app */;
			productType = "com.apple.product-type.application";
		};
		45B4E0681A89D17F00D9AE84 /* NCAATests */ = {
			isa = PBXNativeTarget;
			buildConfigurationList = 45B4E0761A89D17F00D9AE84 /* Build configuration list for PBXNativeTarget "NCAATests" */;
			buildPhases = (
				45B4E0651A89D17F00D9AE84 /* Sources */,
				45B4E0661A89D17F00D9AE84 /* Frameworks */,
				45B4E0671A89D17F00D9AE84 /* Resources */,
			);
			buildRules = (
			);
			dependencies = (
				45B4E06B1A89D17F00D9AE84 /* PBXTargetDependency */,
			);
			name = NCAATests;
			productName = NCAATests;
			productReference = 45B4E0691A89D17F00D9AE84 /* NCAATests.xctest */;
			productType = "com.apple.product-type.bundle.unit-test";
		};
/* End PBXNativeTarget section */

/* Begin PBXProject section */
		45B4E0481A89D17F00D9AE84 /* Project object */ = {
			isa = PBXProject;
			attributes = {
				LastUpgradeCheck = 0610;
				ORGANIZATIONNAME = Chesley;
				TargetAttributes = {
					45B4E04F1A89D17F00D9AE84 = {
						CreatedOnToolsVersion = 6.1.1;
					};
					45B4E0681A89D17F00D9AE84 = {
						CreatedOnToolsVersion = 6.1.1;
						TestTargetID = 45B4E04F1A89D17F00D9AE84;
					};
				};
			};
			buildConfigurationList = 45B4E04B1A89D17F00D9AE84 /* Build configuration list for PBXProject "NCAA" */;
			compatibilityVersion = "Xcode 3.2";
			developmentRegion = English;
			hasScannedForEncodings = 0;
			knownRegions = (
				en,
				Base,
			);
			mainGroup = 45B4E0471A89D17F00D9AE84;
			productRefGroup = 45B4E0511A89D17F00D9AE84 /* Products */;
			projectDirPath = "";
			projectRoot = "";
			targets = (
				45B4E04F1A89D17F00D9AE84 /* NCAA */,
				45B4E0681A89D17F00D9AE84 /* NCAATests */,
			);
		};
/* End PBXProject section */

/* Begin PBXResourcesBuildPhase section */
		45B4E04E1A89D17F00D9AE84 /* Resources */ = {
			isa = PBXResourcesBuildPhase;
			buildActionMask = 2147483647;
			files = (
				45B4E05F1A89D17F00D9AE84 /* Main.storyboard in Resources */,
				45B4E0641A89D17F00D9AE84 /* LaunchScreen.xib in Resources */,
				45B4E0611A89D17F00D9AE84 /* Images.xcassets in Resources */,
			);
			runOnlyForDeploymentPostprocessing = 0;
		};
		45B4E0671A89D17F00D9AE84 /* Resources */ = {
			isa = PBXResourcesBuildPhase;
			buildActionMask = 2147483647;
			files = (
			);
			runOnlyForDeploymentPostprocessing = 0;
		};
/* End PBXResourcesBuildPhase section */

/* Begin PBXSourcesBuildPhase section */
		45B4E04C1A89D17F00D9AE84 /* Sources */ = {
			isa = PBXSourcesBuildPhase;
			buildActionMask = 2147483647;
			files = (
				45B4E05C1A89D17F00D9AE84 /* ViewController.m in Sources */,
				45B4E0591A89D17F00D9AE84 /* AppDelegate.m in Sources */,
				45B4E0561A89D17F00D9AE84 /* main.m in Sources */,
			);
			runOnlyForDeploymentPostprocessing = 0;
		};
		45B4E0651A89D17F00D9AE84 /* Sources */ = {
			isa = PBXSourcesBuildPhase;
			buildActionMask = 2147483647;
			files = (
				45B4E0701A89D17F00D9AE84 /* NCAATests.m in Sources */,
			);
			runOnlyForDeploymentPostprocessing = 0;
		};
/* End PBXSourcesBuildPhase section */

/* Begin PBXTargetDependency section */
		45B4E06B1A89D17F00D9AE84 /* PBXTargetDependency */ = {
			isa = PBXTargetDependency;
			target = 45B4E04F1A89D17F00D9AE84 /* NCAA */;
			targetProxy = 45B4E06A1A89D17F00D9AE84 /* PBXContainerItemProxy */;
		};
/* End PBXTargetDependency section */

/* Begin PBXVariantGroup section */
		45B4E05D1A89D17F00D9AE84 /* Main.storyboard */ = {
			isa = PBXVariantGroup;
			children = (
				45B4E05E1A89D17F00D9AE84 /* Base */,
			);
			name = Main.storyboard;
			sourceTree = "<group>";
		};
		45B4E0621A89D17F00D9AE84 /* LaunchScreen.xib */ = {
			isa = PBXVariantGroup;
			children = (
				45B4E0631A89D17F00D9AE84 /* Base */,
			);
			name = LaunchScreen.xib;
			sourceTree = "<group>";
		};
/* End PBXVariantGroup section */

/* Begin XCBuildConfiguration section */
		45B4E0711A89D17F00D9AE84 /* Debug */ = {
			isa = XCBuildConfiguration;
			buildSettings = {
				ALWAYS_SEARCH_USER_PATHS = NO;
				CLANG_CXX_LANGUAGE_STANDARD = "gnu++0x";
				CLANG_CXX_LIBRARY = "libc++";
				CLANG_ENABLE_MODULES = YES;
				CLANG_ENABLE_OBJC_ARC = YES;
				CLANG_WARN_BOOL_CONVERSION = YES;
				CLANG_WARN_CONSTANT_CONVERSION = YES;
				CLANG_WARN_DIRECT_OBJC_ISA_USAGE = YES_ERROR;
				CLANG_WARN_EMPTY_BODY = YES;
				CLANG_WARN_ENUM_CONVERSION = YES;
				CLANG_WARN_INT_CONVERSION = YES;
				CLANG_WARN_OBJC_ROOT_CLASS = YES_ERROR;
				CLANG_WARN_UNREACHABLE_CODE = YES;
				CLANG_WARN__DUPLICATE_METHOD_MATCH = YES;
				"CODE_SIGN_IDENTITY[sdk=iphoneos*]" = "iPhone Developer";
				COPY_PHASE_STRIP = NO;
				ENABLE_STRICT_OBJC_MSGSEND = YES;
				GCC_C_LANGUAGE_STANDARD = gnu99;
				GCC_DYNAMIC_NO_PIC = NO;
				GCC_OPTIMIZATION_LEVEL = 0;
				GCC_PREPROCESSOR_DEFINITIONS = (
					"DEBUG=1",
					"$(inherited)",
				);
				GCC_SYMBOLS_PRIVATE_EXTERN = NO;
				GCC_WARN_64_TO_32_BIT_CONVERSION = YES;
				GCC_WARN_ABOUT_RETURN_TYPE = YES_ERROR;
				GCC_WARN_UNDECLARED_SELECTOR = YES;
				GCC_WARN_UNINITIALIZED_AUTOS = YES_AGGRESSIVE;
				GCC_WARN_UNUSED_FUNCTION = YES;
				GCC_WARN_UNUSED_VARIABLE = YES;
				IPHONEOS_DEPLOYMENT_TARGET = 8.1;
				MTL_ENABLE_DEBUG_INFO = YES;
				ONLY_ACTIVE_ARCH = YES;
				SDKROOT = iphoneos;
				TARGETED_DEVICE_FAMILY = "1,2";
			};
			name = Debug;
		};
		45B4E0721A89D17F00D9AE84 /* Release */ = {
			isa = XCBuildConfiguration;
			buildSettings = {
				ALWAYS_SEARCH_USER_PATHS = NO;
				CLANG_CXX_LANGUAGE_STANDARD = "gnu++0x";
				CLANG_CXX_LIBRARY = "libc++";
				CLANG_ENABLE_MODULES = YES;
				CLANG_ENABLE_OBJC_ARC = YES;
				CLANG_WARN_BOOL_CONVERSION = YES;
				CLANG_WARN_CONSTANT_CONVERSION = YES;
				CLANG_WARN_DIRECT_OBJC_ISA_USAGE = YES_ERROR;
				CLANG_WARN_EMPTY_BODY = YES;
				CLANG_WARN_ENUM_CONVERSION = YES;
				CLANG_WARN_INT_CONVERSION = YES;
				CLANG_WARN_OBJC_ROOT_CLASS = YES_ERROR;
				CLANG_WARN_UNREACHABLE_CODE = YES;
				CLANG_WARN__DUPLICATE_METHOD_MATCH = YES;
				"CODE_SIGN_IDENTITY[sdk=iphoneos*]" = "iPhone Developer";
				COPY_PHASE_STRIP = YES;
				ENABLE_NS_ASSERTIONS = NO;
				ENABLE_STRICT_OBJC_MSGSEND = YES;
				GCC_C_LANGUAGE_STANDARD = gnu99;
				GCC_WARN_64_TO_32_BIT_CONVERSION = YES;
				GCC_WARN_ABOUT_RETURN_TYPE = YES_ERROR;
				GCC_WARN_UNDECLARED_SELECTOR = YES;
				GCC_WARN_UNINITIALIZED_AUTOS = YES_AGGRESSIVE;
				GCC_WARN_UNUSED_FUNCTION = YES;
				GCC_WARN_UNUSED_VARIABLE = YES;
				IPHONEOS_DEPLOYMENT_TARGET = 8.1;
				MTL_ENABLE_DEBUG_INFO = NO;
				SDKROOT = iphoneos;
				TARGETED_DEVICE_FAMILY = "1,2";
				VALIDATE_PRODUCT = YES;
			};
			name = Release;
		};
		45B4E0741A89D17F00D9AE84 /* Debug */ = {
			isa = XCBuildConfiguration;
			buildSettings = {
				ASSETCATALOG_COMPILER_APPICON_NAME = AppIcon;
				INFOPLIST_FILE = NCAA/Info.plist;
				LD_RUNPATH_SEARCH_PATHS = "$(inherited) @executable_path/Frameworks";
				PRODUCT_NAME = "$(TARGET_NAME)";
			};
			name = Debug;
		};
		45B4E0751A89D17F00D9AE84 /* Release */ = {
			isa = XCBuildConfiguration;
			buildSettings = {
				ASSETCATALOG_COMPILER_APPICON_NAME = AppIcon;
				INFOPLIST_FILE = NCAA/Info.plist;
				LD_RUNPATH_SEARCH_PATHS = "$(inherited) @executable_path/Frameworks";
				PRODUCT_NAME = "$(TARGET_NAME)";
			};
			name = Release;
		};
		45B4E0771A89D17F00D9AE84 /* Debug */ = {
			isa = XCBuildConfiguration;
			buildSettings = {
				BUNDLE_LOADER = "$(TEST_HOST)";
				FRAMEWORK_SEARCH_PATHS = (
					"$(SDKROOT)/Developer/Library/Frameworks",
					"$(inherited)",
				);
				GCC_PREPROCESSOR_DEFINITIONS = (
					"DEBUG=1",
					"$(inherited)",
				);
				INFOPLIST_FILE = NCAATests/Info.plist;
				LD_RUNPATH_SEARCH_PATHS = "$(inherited) @executable_path/Frameworks @loader_path/Frameworks";
				PRODUCT_NAME = "$(TARGET_NAME)";
				TEST_HOST = "$(BUILT_PRODUCTS_DIR)/NCAA.app/NCAA";
			};
			name = Debug;
		};
		45B4E0781A89D17F00D9AE84 /* Release */ = {
			isa = XCBuildConfiguration;
			buildSettings = {
				BUNDLE_LOADER = "$(TEST_HOST)";
				FRAMEWORK_SEARCH_PATHS = (
					"$(SDKROOT)/Developer/Library/Frameworks",
					"$(inherited)",
				);
				INFOPLIST_FILE = NCAATests/Info.plist;
				LD_RUNPATH_SEARCH_PATHS = "$(inherited) @executable_path/Frameworks @loader_path/Frameworks";
				PRODUCT_NAME = "$(TARGET_NAME)";
				TEST_HOST = "$(BUILT_PRODUCTS_DIR)/NCAA.app/NCAA";
			};
			name = Release;
		};
/* End XCBuildConfiguration section */

/* Begin XCConfigurationList section */
		45B4E04B1A89D17F00D9AE84 /* Build configuration list for PBXProject "NCAA" */ = {
			isa = XCConfigurationList;
			buildConfigurations = (
				45B4E0711A89D17F00D9AE84 /* Debug */,
				45B4E0721A89D17F00D9AE84 /* Release */,
			);
			defaultConfigurationIsVisible = 0;
			defaultConfigurationName = Release;
		};
		45B4E0731A89D17F00D9AE84 /* Build configuration list for PBXNativeTarget "NCAA" */ = {
			isa = XCConfigurationList;
			buildConfigurations = (
				45B4E0741A89D17F00D9AE84 /* Debug */,
				45B4E0751A89D17F00D9AE84 /* Release */,
			);
			defaultConfigurationIsVisible = 0;
		};
		45B4E0761A89D17F00D9AE84 /* Build configuration list for PBXNativeTarget "NCAATests" */ = {
			isa = XCConfigurationList;
			buildConfigurations = (
				45B4E0771A89D17F00D9AE84 /* Debug */,
				45B4E0781A89D17F00D9AE84 /* Release */,
			);
			defaultConfigurationIsVisible = 0;
		};
/* End XCConfigurationList section */
	};
	rootObject = 45B4E0481A89D17F00D9AE84 /* Project object */;
}
